
Microsoft Visual Studio Solution File, Format Version 12.00
# Visual Studio Version 17
VisualStudioVersion = 17.11.35327.3
MinimumVisualStudioVersion = 10.0.40219.1
Project("{2150E333-8FDC-42A3-9474-1A3956D46DE8}") = "Docs", "Docs", "{462963B6-8678-4218-84A8-90C0927991D7}"
EndProject
Project("{2150E333-8FDC-42A3-9474-1A3956D46DE8}") = "Src", "Src", "{E304A553-0F63-4126-BBB6-95F54B7CB4DA}"
EndProject
Project("{2150E333-8FDC-42A3-9474-1A3956D46DE8}") = "Core", "Core", "{85CAFCEC-43D8-4FC5-B0B9-1B241CCCD682}"
EndProject
Project("{9A19103F-16F7-4668-BE54-9A1E7A4F7556}") = "SmartFactorySample.Simulator.Application", "Src\SmartFactorySample.Simulator\Core\SmartFactorySample.Simulator.Application\SmartFactorySample.Simulator.Application.csproj", "{679FF96F-E74F-4873-99D1-052C2DEF5133}"
EndProject
Project("{9A19103F-16F7-4668-BE54-9A1E7A4F7556}") = "SmartFactorySample.Simulator.Domain", "Src\SmartFactorySample.Simulator\Core\SmartFactorySample.Simulator.Domain\SmartFactorySample.Simulator.Domain.csproj", "{D3DC3EBE-39B7-46D7-9062-F06FF8A78A62}"
EndProject
Project("{2150E333-8FDC-42A3-9474-1A3956D46DE8}") = "Infrastructure", "Infrastructure", "{B9EFE0C0-F8BC-4FA8-B802-4AFCB592B952}"
EndProject
Project("{9A19103F-16F7-4668-BE54-9A1E7A4F7556}") = "SmartFactorySample.Simulator.Infrastructure", "Src\SmartFactorySample.Simulator\Infrastructure\SmartFactorySample.Simulator.Infrastructure\SmartFactorySample.Simulator.Infrastructure.csproj", "{45273A38-F52A-4D64-99A3-EE26B5CB35C6}"
EndProject
Project("{2150E333-8FDC-42A3-9474-1A3956D46DE8}") = "Presentation", "Presentation", "{E7F058C5-E830-41D0-8F2A-F29779FFDCB9}"
EndProject
Project("{9A19103F-16F7-4668-BE54-9A1E7A4F7556}") = "SmartFactorySample.Simulator.WebUI", "Src\SmartFactorySample.Simulator\Presentation\SmartFactorySample.Simulator.WebUI\SmartFactorySample.Simulator.WebUI.csproj", "{21DC6B49-CB1C-4AE1-9F5C-5FEB80AE9BAE}"
EndProject
Project("{2150E333-8FDC-42A3-9474-1A3956D46DE8}") = "SmartFactorySample.Simulator", "SmartFactorySample.Simulator", "{4139F4E8-D115-4CDA-AA29-4FAC66359B3A}"
EndProject
Project("{2150E333-8FDC-42A3-9474-1A3956D46DE8}") = "Tests", "Tests", "{82CB1989-0436-4DE7-A7D5-492BDFEB3DAC}"
EndProject
Project("{9A19103F-16F7-4668-BE54-9A1E7A4F7556}") = "Simulator.Application.Simulator.UnitTests", "Src\SmartFactorySample.Simulator\Tests\SmartFactorySample.Simulator.Application.UnitTests\Simulator.Application.Simulator.UnitTests.csproj", "{21A873E9-64C9-4199-A767-8117595E90F6}"
EndProject
Project("{9A19103F-16F7-4668-BE54-9A1E7A4F7556}") = "SmartFactorySample.Simulator.Domain.UnitTests", "Src\SmartFactorySample.Simulator\Tests\SmartFactorySample.Simulator.Domain.UnitTests\SmartFactorySample.Simulator.Domain.UnitTests.csproj", "{65ED58B5-5E04-4F51-AF84-DF5DF42AC739}"
EndProject
Project("{2150E333-8FDC-42A3-9474-1A3956D46DE8}") = "SmartFactorySample.DataReception", "SmartFactorySample.DataReception", "{8F0B2DDF-C6A5-4E1C-A459-D76662851E01}"
EndProject
Project("{2150E333-8FDC-42A3-9474-1A3956D46DE8}") = "Core", "Core", "{00F02588-C4F3-43C5-A2B7-36C85CAC5997}"
EndProject
Project("{2150E333-8FDC-42A3-9474-1A3956D46DE8}") = "Infrastructure", "Infrastructure", "{73D9CDAE-925A-4019-B6FB-58FA2B2FC042}"
EndProject
Project("{2150E333-8FDC-42A3-9474-1A3956D46DE8}") = "Presentation", "Presentation", "{E6E7DC6C-5F44-4B75-AE66-75DF095F95D4}"
EndProject
Project("{2150E333-8FDC-42A3-9474-1A3956D46DE8}") = "Tests", "Tests", "{58AD5F79-C526-4DAE-BC7F-4A3936FE2DB3}"
EndProject
Project("{9A19103F-16F7-4668-BE54-9A1E7A4F7556}") = "SmartFactorySample.DataReception.Application", "Src\SmartFactorySample.DataReception\Core\SmartFactorySample.DataReception.Application\SmartFactorySample.DataReception.Application.csproj", "{BEA5CF7A-89A5-482A-9D72-3CCC3CCC5EBD}"
EndProject
Project("{9A19103F-16F7-4668-BE54-9A1E7A4F7556}") = "SmartFactorySample.DataReception.Domain", "Src\SmartFactorySample.DataReception\Core\SmartFactorySample.DataReception.Domain\SmartFactorySample.DataReception.Domain.csproj", "{3E993CFD-D27B-4B67-98DA-9FE7B66B09C6}"
EndProject
Project("{9A19103F-16F7-4668-BE54-9A1E7A4F7556}") = "SmartFactorySample.DataReception.Infrastructure", "Src\SmartFactorySample.DataReception\Infrastructure\SmartFactorySample.DataReception.Infrastructure\SmartFactorySample.DataReception.Infrastructure.csproj", "{0880D322-88D5-4A39-A8E5-511C9891B09E}"
EndProject
Project("{9A19103F-16F7-4668-BE54-9A1E7A4F7556}") = "SmartFactorySample.DataReception.WebUI", "Src\SmartFactorySample.DataReception\Presentation\SmartFactorySample.DataReception.WebUI\SmartFactorySample.DataReception.WebUI.csproj", "{2EF36E0A-3CCE-48F5-AC22-C3F6CD8C767C}"
EndProject
Project("{9A19103F-16F7-4668-BE54-9A1E7A4F7556}") = "Simulator.Application.DataReception.UnitTests", "Src\SmartFactorySample.DataReception\Tests\SmartFactorySample.DataReception.Application.UnitTests\Simulator.Application.DataReception.UnitTests.csproj", "{C0DCBE1E-8FBC-4042-BB72-AD7FC987B6A7}"
EndProject
Project("{9A19103F-16F7-4668-BE54-9A1E7A4F7556}") = "SmartFactorySample.DataReception.Domain.UnitTests", "Src\SmartFactorySample.DataReception\Tests\SmartFactorySample.DataReception.Domain.UnitTests\SmartFactorySample.DataReception.Domain.UnitTests.csproj", "{D8A41342-6D00-44BE-9404-412400845212}"
EndProject
Project("{2150E333-8FDC-42A3-9474-1A3956D46DE8}") = "SmartFactorySample.WebSocket", "SmartFactorySample.WebSocket", "{CD440276-1E17-48D7-AD5B-0B2B705B7AE6}"
EndProject
Project("{2150E333-8FDC-42A3-9474-1A3956D46DE8}") = "Core", "Core", "{B153FCCF-39C7-4CCF-A217-C63F20D1E6EC}"
EndProject
Project("{2150E333-8FDC-42A3-9474-1A3956D46DE8}") = "Infrastructure", "Infrastructure", "{BDB1309F-509F-48F8-961C-7175D9CD396D}"
EndProject
Project("{2150E333-8FDC-42A3-9474-1A3956D46DE8}") = "Presentation", "Presentation", "{3B2B9824-9B10-4AC7-AA5D-0825C3811A0C}"
EndProject
Project("{2150E333-8FDC-42A3-9474-1A3956D46DE8}") = "Tests", "Tests", "{DCAA87FB-673D-4B36-A986-6FD31D3CF90E}"
EndProject
Project("{9A19103F-16F7-4668-BE54-9A1E7A4F7556}") = "SmartFactorySample.WebSocket.Application", "Src\SmartFactorySample.WebSocket\Core\SmartFactorySample.WebSocket.Application\SmartFactorySample.WebSocket.Application.csproj", "{157CD002-276C-40DD-85FE-F66D4EA3288F}"
EndProject
Project("{9A19103F-16F7-4668-BE54-9A1E7A4F7556}") = "SmartFactorySample.WebSocket.Domain", "Src\SmartFactorySample.WebSocket\Core\SmartFactorySample.WebSocket.Domain\SmartFactorySample.WebSocket.Domain.csproj", "{D62332DE-A1F2-4405-9755-3B306DF22C19}"
EndProject
Project("{9A19103F-16F7-4668-BE54-9A1E7A4F7556}") = "SmartFactorySample.WebSocket.Infrastructure", "Src\SmartFactorySample.WebSocket\Infrastructure\SmartFactorySample.WebSocket.Infrastructure\SmartFactorySample.WebSocket.Infrastructure.csproj", "{DCB331DE-EE11-44BA-82CD-8CEAD33B2157}"
EndProject
Project("{9A19103F-16F7-4668-BE54-9A1E7A4F7556}") = "SmartFactorySample.WebSocket.WebUI", "Src\SmartFactorySample.WebSocket\Presentation\SmartFactorySample.WebSocket.WebUI\SmartFactorySample.WebSocket.WebUI.csproj", "{EF0FAF78-4279-4E66-A728-7889BA4C4EB3}"
EndProject
Project("{9A19103F-16F7-4668-BE54-9A1E7A4F7556}") = "SmartFactorySample.WebSocket.UnitTests", "Src\SmartFactorySample.WebSocket\Tests\SmartFactorySample.WebSocket.Application.UnitTests\SmartFactorySample.WebSocket.UnitTests.csproj", "{2DF20717-610C-4DA6-871C-F6150E346C4A}"
EndProject
Project("{9A19103F-16F7-4668-BE54-9A1E7A4F7556}") = "SmartFactorySample.WebSocket.Domain.UnitTests", "Src\SmartFactorySample.WebSocket\Tests\SmartFactorySample.WebSocket.Domain.UnitTests\SmartFactorySample.WebSocket.Domain.UnitTests.csproj", "{B8361EC5-BBD0-4911-8330-3FDE4BDB08C6}"
EndProject
Project("{2150E333-8FDC-42A3-9474-1A3956D46DE8}") = "SmartFactorySample.DataPresentation", "SmartFactorySample.DataPresentation", "{5ACB3224-858B-4C70-A3B6-18EC5C6F1D04}"
EndProject
Project("{2150E333-8FDC-42A3-9474-1A3956D46DE8}") = "SmartFactorySample.IdentityService", "SmartFactorySample.IdentityService", "{55884848-DB2E-45A0-9A41-06136C694E77}"
EndProject
Project("{2150E333-8FDC-42A3-9474-1A3956D46DE8}") = "Core", "Core", "{39DA77D3-A9EB-4FCD-B214-7DAA5B2C12D1}"
EndProject
Project("{2150E333-8FDC-42A3-9474-1A3956D46DE8}") = "Core", "Core", "{E7892639-C7F0-4D0C-93F3-10D2CBF52022}"
EndProject
Project("{2150E333-8FDC-42A3-9474-1A3956D46DE8}") = "Infrastructure", "Infrastructure", "{B10CA6F2-88B3-4BC7-A218-BA4815F79AB2}"
EndProject
Project("{2150E333-8FDC-42A3-9474-1A3956D46DE8}") = "Infrastructure", "Infrastructure", "{8436DD65-7B7C-4C19-9B96-A0DF5B8CD26C}"
EndProject
Project("{2150E333-8FDC-42A3-9474-1A3956D46DE8}") = "Presentation", "Presentation", "{24240DD7-530B-4921-AB46-5D3C434E70B6}"
EndProject
Project("{2150E333-8FDC-42A3-9474-1A3956D46DE8}") = "Presentation", "Presentation", "{A6D51507-56FC-4FC9-9914-728913623518}"
EndProject
Project("{2150E333-8FDC-42A3-9474-1A3956D46DE8}") = "Tests", "Tests", "{90B9577C-5CBA-4A8F-86DA-D41632FA0412}"
EndProject
Project("{2150E333-8FDC-42A3-9474-1A3956D46DE8}") = "Tests", "Tests", "{38B02A50-CCF6-4E34-807A-D981796284F4}"
EndProject
Project("{9A19103F-16F7-4668-BE54-9A1E7A4F7556}") = "SmartFactorySample.DataPresentation.Application", "Src\SmartFactorySample.DataPresentation\Core\SmartFactorySample.DataPresentation.Application\SmartFactorySample.DataPresentation.Application.csproj", "{6DDD2CE7-C80E-4BD3-B937-978A94AC665F}"
EndProject
Project("{9A19103F-16F7-4668-BE54-9A1E7A4F7556}") = "SmartFactorySample.DataPresentation.Domain", "Src\SmartFactorySample.DataPresentation\Core\SmartFactorySample.DataPresentation.Domain\SmartFactorySample.DataPresentation.Domain.csproj", "{91A5ECC5-F754-4B5D-A90B-2A439B1AB4E0}"
EndProject
Project("{9A19103F-16F7-4668-BE54-9A1E7A4F7556}") = "SmartFactorySample.DataPresentation.Infrastructure", "Src\SmartFactorySample.DataPresentation\Infrastructure\SmartFactorySample.DataPresentation.Infrastructure\SmartFactorySample.DataPresentation.Infrastructure.csproj", "{105EF036-FBEB-4F51-BD25-69E0AE63B6C6}"
EndProject
Project("{9A19103F-16F7-4668-BE54-9A1E7A4F7556}") = "SmartFactorySample.DataPresentation.WebUI", "Src\SmartFactorySample.DataPresentation\Presentation\SmartFactorySample.DataPresentation.WebUI\SmartFactorySample.DataPresentation.WebUI.csproj", "{022C1759-3EAF-42E1-BC1E-176E67BB6E0D}"
EndProject
Project("{9A19103F-16F7-4668-BE54-9A1E7A4F7556}") = "SmartFactorySample.DataPresentation.Domain.UnitTests", "Src\SmartFactorySample.DataPresentation\Tests\SmartFactorySample.DataPresentation.Domain.UnitTests\SmartFactorySample.DataPresentation.Domain.UnitTests.csproj", "{8430C85A-537D-418E-9A64-97CC1C213469}"
EndProject
Project("{9A19103F-16F7-4668-BE54-9A1E7A4F7556}") = "SmartFactorySample.IdentityService.Application", "Src\SmartFactorySample.IdentityService\Core\SmartFactorySample.IdentityService.Application\SmartFactorySample.IdentityService.Application.csproj", "{0BFD47F6-C25C-4880-AB19-1158BAD3CBF8}"
EndProject
Project("{9A19103F-16F7-4668-BE54-9A1E7A4F7556}") = "SmartFactorySample.IdentityService.Domain", "Src\SmartFactorySample.IdentityService\Core\SmartFactorySample.IdentityService.Domain\SmartFactorySample.IdentityService.Domain.csproj", "{69330C38-CCAF-46C3-A8A6-9F5E4EEF695E}"
EndProject
Project("{9A19103F-16F7-4668-BE54-9A1E7A4F7556}") = "SmartFactorySample.IdentityService.Infrastructure", "Src\SmartFactorySample.IdentityService\Infrastructure\SmartFactorySample.IdentityService.Infrastructure\SmartFactorySample.IdentityService.Infrastructure.csproj", "{5C40A0CF-849A-4EC9-B2C3-DA5D58E92D3B}"
EndProject
Project("{9A19103F-16F7-4668-BE54-9A1E7A4F7556}") = "SmartFactorySample.IdentityService.WebUI", "Src\SmartFactorySample.IdentityService\Presentation\SmartFactorySample.IdentityService.WebUI\SmartFactorySample.IdentityService.WebUI.csproj", "{66C96F3D-27BC-4A0F-AA02-A827B9E71A6A}"
EndProject
Project("{9A19103F-16F7-4668-BE54-9A1E7A4F7556}") = "SmartFactorySample.IdentityService.UnitTests", "Src\SmartFactorySample.IdentityService\Tests\SmartFactorySample.IdentityService.Application.UnitTests\SmartFactorySample.IdentityService.UnitTests.csproj", "{49491945-02F2-4065-B7CE-5F090DED002A}"
EndProject
Project("{9A19103F-16F7-4668-BE54-9A1E7A4F7556}") = "SmartFactorySample.IdentityService.Domain.UnitTests", "Src\SmartFactorySample.IdentityService\Tests\SmartFactorySample.IdentityService.Domain.UnitTests\SmartFactorySample.IdentityService.Domain.UnitTests.csproj", "{36545821-71D7-4DD3-8879-97B29442F7D1}"
EndProject
Project("{9A19103F-16F7-4668-BE54-9A1E7A4F7556}") = "SmartFactorySample.DataPresentation.Application.UnitTests", "Src\SmartFactorySample.DataPresentation\Tests\SmartFactorySample.DataPresentation.Application.UnitTests\SmartFactorySample.DataPresentation.Application.UnitTests.csproj", "{5F858085-ADFF-4BFC-84B2-ED70FD76F2C9}"
EndProject
Global
	GlobalSection(SolutionConfigurationPlatforms) = preSolution
		Debug|Any CPU = Debug|Any CPU
		Release|Any CPU = Release|Any CPU
		Test|Any CPU = Test|Any CPU
	EndGlobalSection
	GlobalSection(ProjectConfigurationPlatforms) = postSolution
		{679FF96F-E74F-4873-99D1-052C2DEF5133}.Debug|Any CPU.ActiveCfg = Debug|Any CPU
		{679FF96F-E74F-4873-99D1-052C2DEF5133}.Debug|Any CPU.Build.0 = Debug|Any CPU
		{679FF96F-E74F-4873-99D1-052C2DEF5133}.Release|Any CPU.ActiveCfg = Release|Any CPU
		{679FF96F-E74F-4873-99D1-052C2DEF5133}.Release|Any CPU.Build.0 = Release|Any CPU
		{679FF96F-E74F-4873-99D1-052C2DEF5133}.Test|Any CPU.ActiveCfg = Release|Any CPU
		{679FF96F-E74F-4873-99D1-052C2DEF5133}.Test|Any CPU.Build.0 = Release|Any CPU
		{D3DC3EBE-39B7-46D7-9062-F06FF8A78A62}.Debug|Any CPU.ActiveCfg = Debug|Any CPU
		{D3DC3EBE-39B7-46D7-9062-F06FF8A78A62}.Debug|Any CPU.Build.0 = Debug|Any CPU
		{D3DC3EBE-39B7-46D7-9062-F06FF8A78A62}.Release|Any CPU.ActiveCfg = Release|Any CPU
		{D3DC3EBE-39B7-46D7-9062-F06FF8A78A62}.Release|Any CPU.Build.0 = Release|Any CPU
		{D3DC3EBE-39B7-46D7-9062-F06FF8A78A62}.Test|Any CPU.ActiveCfg = Release|Any CPU
		{D3DC3EBE-39B7-46D7-9062-F06FF8A78A62}.Test|Any CPU.Build.0 = Release|Any CPU
		{45273A38-F52A-4D64-99A3-EE26B5CB35C6}.Debug|Any CPU.ActiveCfg = Debug|Any CPU
		{45273A38-F52A-4D64-99A3-EE26B5CB35C6}.Debug|Any CPU.Build.0 = Debug|Any CPU
		{45273A38-F52A-4D64-99A3-EE26B5CB35C6}.Release|Any CPU.ActiveCfg = Release|Any CPU
		{45273A38-F52A-4D64-99A3-EE26B5CB35C6}.Release|Any CPU.Build.0 = Release|Any CPU
		{45273A38-F52A-4D64-99A3-EE26B5CB35C6}.Test|Any CPU.ActiveCfg = Release|Any CPU
		{45273A38-F52A-4D64-99A3-EE26B5CB35C6}.Test|Any CPU.Build.0 = Release|Any CPU
		{21DC6B49-CB1C-4AE1-9F5C-5FEB80AE9BAE}.Debug|Any CPU.ActiveCfg = Debug|Any CPU
		{21DC6B49-CB1C-4AE1-9F5C-5FEB80AE9BAE}.Debug|Any CPU.Build.0 = Debug|Any CPU
		{21DC6B49-CB1C-4AE1-9F5C-5FEB80AE9BAE}.Release|Any CPU.ActiveCfg = Release|Any CPU
		{21DC6B49-CB1C-4AE1-9F5C-5FEB80AE9BAE}.Release|Any CPU.Build.0 = Release|Any CPU
		{21DC6B49-CB1C-4AE1-9F5C-5FEB80AE9BAE}.Test|Any CPU.ActiveCfg = Release|Any CPU
		{21DC6B49-CB1C-4AE1-9F5C-5FEB80AE9BAE}.Test|Any CPU.Build.0 = Release|Any CPU
		{21A873E9-64C9-4199-A767-8117595E90F6}.Debug|Any CPU.ActiveCfg = Debug|Any CPU
		{21A873E9-64C9-4199-A767-8117595E90F6}.Debug|Any CPU.Build.0 = Debug|Any CPU
		{21A873E9-64C9-4199-A767-8117595E90F6}.Release|Any CPU.ActiveCfg = Release|Any CPU
		{21A873E9-64C9-4199-A767-8117595E90F6}.Release|Any CPU.Build.0 = Release|Any CPU
		{21A873E9-64C9-4199-A767-8117595E90F6}.Test|Any CPU.ActiveCfg = Test|Any CPU
		{21A873E9-64C9-4199-A767-8117595E90F6}.Test|Any CPU.Build.0 = Test|Any CPU
		{65ED58B5-5E04-4F51-AF84-DF5DF42AC739}.Debug|Any CPU.ActiveCfg = Debug|Any CPU
		{65ED58B5-5E04-4F51-AF84-DF5DF42AC739}.Debug|Any CPU.Build.0 = Debug|Any CPU
		{65ED58B5-5E04-4F51-AF84-DF5DF42AC739}.Release|Any CPU.ActiveCfg = Release|Any CPU
		{65ED58B5-5E04-4F51-AF84-DF5DF42AC739}.Release|Any CPU.Build.0 = Release|Any CPU
		{65ED58B5-5E04-4F51-AF84-DF5DF42AC739}.Test|Any CPU.ActiveCfg = Test|Any CPU
		{65ED58B5-5E04-4F51-AF84-DF5DF42AC739}.Test|Any CPU.Build.0 = Test|Any CPU
		{BEA5CF7A-89A5-482A-9D72-3CCC3CCC5EBD}.Debug|Any CPU.ActiveCfg = Debug|Any CPU
		{BEA5CF7A-89A5-482A-9D72-3CCC3CCC5EBD}.Debug|Any CPU.Build.0 = Debug|Any CPU
		{BEA5CF7A-89A5-482A-9D72-3CCC3CCC5EBD}.Release|Any CPU.ActiveCfg = Release|Any CPU
		{BEA5CF7A-89A5-482A-9D72-3CCC3CCC5EBD}.Release|Any CPU.Build.0 = Release|Any CPU
		{BEA5CF7A-89A5-482A-9D72-3CCC3CCC5EBD}.Test|Any CPU.ActiveCfg = Debug|Any CPU
		{BEA5CF7A-89A5-482A-9D72-3CCC3CCC5EBD}.Test|Any CPU.Build.0 = Debug|Any CPU
		{3E993CFD-D27B-4B67-98DA-9FE7B66B09C6}.Debug|Any CPU.ActiveCfg = Debug|Any CPU
		{3E993CFD-D27B-4B67-98DA-9FE7B66B09C6}.Debug|Any CPU.Build.0 = Debug|Any CPU
		{3E993CFD-D27B-4B67-98DA-9FE7B66B09C6}.Release|Any CPU.ActiveCfg = Release|Any CPU
		{3E993CFD-D27B-4B67-98DA-9FE7B66B09C6}.Release|Any CPU.Build.0 = Release|Any CPU
		{3E993CFD-D27B-4B67-98DA-9FE7B66B09C6}.Test|Any CPU.ActiveCfg = Debug|Any CPU
		{3E993CFD-D27B-4B67-98DA-9FE7B66B09C6}.Test|Any CPU.Build.0 = Debug|Any CPU
		{0880D322-88D5-4A39-A8E5-511C9891B09E}.Debug|Any CPU.ActiveCfg = Debug|Any CPU
		{0880D322-88D5-4A39-A8E5-511C9891B09E}.Debug|Any CPU.Build.0 = Debug|Any CPU
		{0880D322-88D5-4A39-A8E5-511C9891B09E}.Release|Any CPU.ActiveCfg = Release|Any CPU
		{0880D322-88D5-4A39-A8E5-511C9891B09E}.Release|Any CPU.Build.0 = Release|Any CPU
		{0880D322-88D5-4A39-A8E5-511C9891B09E}.Test|Any CPU.ActiveCfg = Debug|Any CPU
		{0880D322-88D5-4A39-A8E5-511C9891B09E}.Test|Any CPU.Build.0 = Debug|Any CPU
		{2EF36E0A-3CCE-48F5-AC22-C3F6CD8C767C}.Debug|Any CPU.ActiveCfg = Debug|Any CPU
		{2EF36E0A-3CCE-48F5-AC22-C3F6CD8C767C}.Debug|Any CPU.Build.0 = Debug|Any CPU
		{2EF36E0A-3CCE-48F5-AC22-C3F6CD8C767C}.Release|Any CPU.ActiveCfg = Release|Any CPU
		{2EF36E0A-3CCE-48F5-AC22-C3F6CD8C767C}.Release|Any CPU.Build.0 = Release|Any CPU
		{2EF36E0A-3CCE-48F5-AC22-C3F6CD8C767C}.Test|Any CPU.ActiveCfg = Debug|Any CPU
		{2EF36E0A-3CCE-48F5-AC22-C3F6CD8C767C}.Test|Any CPU.Build.0 = Debug|Any CPU
		{C0DCBE1E-8FBC-4042-BB72-AD7FC987B6A7}.Debug|Any CPU.ActiveCfg = Debug|Any CPU
		{C0DCBE1E-8FBC-4042-BB72-AD7FC987B6A7}.Debug|Any CPU.Build.0 = Debug|Any CPU
		{C0DCBE1E-8FBC-4042-BB72-AD7FC987B6A7}.Release|Any CPU.ActiveCfg = Release|Any CPU
		{C0DCBE1E-8FBC-4042-BB72-AD7FC987B6A7}.Release|Any CPU.Build.0 = Release|Any CPU
		{C0DCBE1E-8FBC-4042-BB72-AD7FC987B6A7}.Test|Any CPU.ActiveCfg = Test|Any CPU
		{C0DCBE1E-8FBC-4042-BB72-AD7FC987B6A7}.Test|Any CPU.Build.0 = Test|Any CPU
		{D8A41342-6D00-44BE-9404-412400845212}.Debug|Any CPU.ActiveCfg = Debug|Any CPU
		{D8A41342-6D00-44BE-9404-412400845212}.Debug|Any CPU.Build.0 = Debug|Any CPU
		{D8A41342-6D00-44BE-9404-412400845212}.Release|Any CPU.ActiveCfg = Release|Any CPU
		{D8A41342-6D00-44BE-9404-412400845212}.Release|Any CPU.Build.0 = Release|Any CPU
		{D8A41342-6D00-44BE-9404-412400845212}.Test|Any CPU.ActiveCfg = Test|Any CPU
		{D8A41342-6D00-44BE-9404-412400845212}.Test|Any CPU.Build.0 = Test|Any CPU
		{157CD002-276C-40DD-85FE-F66D4EA3288F}.Debug|Any CPU.ActiveCfg = Debug|Any CPU
		{157CD002-276C-40DD-85FE-F66D4EA3288F}.Debug|Any CPU.Build.0 = Debug|Any CPU
		{157CD002-276C-40DD-85FE-F66D4EA3288F}.Release|Any CPU.ActiveCfg = Release|Any CPU
		{157CD002-276C-40DD-85FE-F66D4EA3288F}.Release|Any CPU.Build.0 = Release|Any CPU
		{157CD002-276C-40DD-85FE-F66D4EA3288F}.Test|Any CPU.ActiveCfg = Debug|Any CPU
		{157CD002-276C-40DD-85FE-F66D4EA3288F}.Test|Any CPU.Build.0 = Debug|Any CPU
		{D62332DE-A1F2-4405-9755-3B306DF22C19}.Debug|Any CPU.ActiveCfg = Debug|Any CPU
		{D62332DE-A1F2-4405-9755-3B306DF22C19}.Debug|Any CPU.Build.0 = Debug|Any CPU
		{D62332DE-A1F2-4405-9755-3B306DF22C19}.Release|Any CPU.ActiveCfg = Release|Any CPU
		{D62332DE-A1F2-4405-9755-3B306DF22C19}.Release|Any CPU.Build.0 = Release|Any CPU
		{D62332DE-A1F2-4405-9755-3B306DF22C19}.Test|Any CPU.ActiveCfg = Debug|Any CPU
		{D62332DE-A1F2-4405-9755-3B306DF22C19}.Test|Any CPU.Build.0 = Debug|Any CPU
		{DCB331DE-EE11-44BA-82CD-8CEAD33B2157}.Debug|Any CPU.ActiveCfg = Debug|Any CPU
		{DCB331DE-EE11-44BA-82CD-8CEAD33B2157}.Debug|Any CPU.Build.0 = Debug|Any CPU
		{DCB331DE-EE11-44BA-82CD-8CEAD33B2157}.Release|Any CPU.ActiveCfg = Release|Any CPU
		{DCB331DE-EE11-44BA-82CD-8CEAD33B2157}.Release|Any CPU.Build.0 = Release|Any CPU
		{DCB331DE-EE11-44BA-82CD-8CEAD33B2157}.Test|Any CPU.ActiveCfg = Debug|Any CPU
		{DCB331DE-EE11-44BA-82CD-8CEAD33B2157}.Test|Any CPU.Build.0 = Debug|Any CPU
		{EF0FAF78-4279-4E66-A728-7889BA4C4EB3}.Debug|Any CPU.ActiveCfg = Debug|Any CPU
		{EF0FAF78-4279-4E66-A728-7889BA4C4EB3}.Debug|Any CPU.Build.0 = Debug|Any CPU
		{EF0FAF78-4279-4E66-A728-7889BA4C4EB3}.Release|Any CPU.ActiveCfg = Release|Any CPU
		{EF0FAF78-4279-4E66-A728-7889BA4C4EB3}.Release|Any CPU.Build.0 = Release|Any CPU
		{EF0FAF78-4279-4E66-A728-7889BA4C4EB3}.Test|Any CPU.ActiveCfg = Debug|Any CPU
		{EF0FAF78-4279-4E66-A728-7889BA4C4EB3}.Test|Any CPU.Build.0 = Debug|Any CPU
		{2DF20717-610C-4DA6-871C-F6150E346C4A}.Debug|Any CPU.ActiveCfg = Debug|Any CPU
		{2DF20717-610C-4DA6-871C-F6150E346C4A}.Debug|Any CPU.Build.0 = Debug|Any CPU
		{2DF20717-610C-4DA6-871C-F6150E346C4A}.Release|Any CPU.ActiveCfg = Release|Any CPU
		{2DF20717-610C-4DA6-871C-F6150E346C4A}.Release|Any CPU.Build.0 = Release|Any CPU
		{2DF20717-610C-4DA6-871C-F6150E346C4A}.Test|Any CPU.ActiveCfg = Test|Any CPU
		{2DF20717-610C-4DA6-871C-F6150E346C4A}.Test|Any CPU.Build.0 = Test|Any CPU
		{B8361EC5-BBD0-4911-8330-3FDE4BDB08C6}.Debug|Any CPU.ActiveCfg = Debug|Any CPU
		{B8361EC5-BBD0-4911-8330-3FDE4BDB08C6}.Debug|Any CPU.Build.0 = Debug|Any CPU
		{B8361EC5-BBD0-4911-8330-3FDE4BDB08C6}.Release|Any CPU.ActiveCfg = Release|Any CPU
		{B8361EC5-BBD0-4911-8330-3FDE4BDB08C6}.Release|Any CPU.Build.0 = Release|Any CPU
		{B8361EC5-BBD0-4911-8330-3FDE4BDB08C6}.Test|Any CPU.ActiveCfg = Test|Any CPU
		{B8361EC5-BBD0-4911-8330-3FDE4BDB08C6}.Test|Any CPU.Build.0 = Test|Any CPU
		{6DDD2CE7-C80E-4BD3-B937-978A94AC665F}.Debug|Any CPU.ActiveCfg = Debug|Any CPU
		{6DDD2CE7-C80E-4BD3-B937-978A94AC665F}.Debug|Any CPU.Build.0 = Debug|Any CPU
		{6DDD2CE7-C80E-4BD3-B937-978A94AC665F}.Release|Any CPU.ActiveCfg = Release|Any CPU
		{6DDD2CE7-C80E-4BD3-B937-978A94AC665F}.Release|Any CPU.Build.0 = Release|Any CPU
		{6DDD2CE7-C80E-4BD3-B937-978A94AC665F}.Test|Any CPU.ActiveCfg = Debug|Any CPU
		{6DDD2CE7-C80E-4BD3-B937-978A94AC665F}.Test|Any CPU.Build.0 = Debug|Any CPU
		{91A5ECC5-F754-4B5D-A90B-2A439B1AB4E0}.Debug|Any CPU.ActiveCfg = Debug|Any CPU
		{91A5ECC5-F754-4B5D-A90B-2A439B1AB4E0}.Debug|Any CPU.Build.0 = Debug|Any CPU
		{91A5ECC5-F754-4B5D-A90B-2A439B1AB4E0}.Release|Any CPU.ActiveCfg = Release|Any CPU
		{91A5ECC5-F754-4B5D-A90B-2A439B1AB4E0}.Release|Any CPU.Build.0 = Release|Any CPU
		{91A5ECC5-F754-4B5D-A90B-2A439B1AB4E0}.Test|Any CPU.ActiveCfg = Debug|Any CPU
		{91A5ECC5-F754-4B5D-A90B-2A439B1AB4E0}.Test|Any CPU.Build.0 = Debug|Any CPU
		{105EF036-FBEB-4F51-BD25-69E0AE63B6C6}.Debug|Any CPU.ActiveCfg = Debug|Any CPU
		{105EF036-FBEB-4F51-BD25-69E0AE63B6C6}.Debug|Any CPU.Build.0 = Debug|Any CPU
		{105EF036-FBEB-4F51-BD25-69E0AE63B6C6}.Release|Any CPU.ActiveCfg = Release|Any CPU
		{105EF036-FBEB-4F51-BD25-69E0AE63B6C6}.Release|Any CPU.Build.0 = Release|Any CPU
		{105EF036-FBEB-4F51-BD25-69E0AE63B6C6}.Test|Any CPU.ActiveCfg = Debug|Any CPU
		{105EF036-FBEB-4F51-BD25-69E0AE63B6C6}.Test|Any CPU.Build.0 = Debug|Any CPU
		{022C1759-3EAF-42E1-BC1E-176E67BB6E0D}.Debug|Any CPU.ActiveCfg = Debug|Any CPU
		{022C1759-3EAF-42E1-BC1E-176E67BB6E0D}.Debug|Any CPU.Build.0 = Debug|Any CPU
		{022C1759-3EAF-42E1-BC1E-176E67BB6E0D}.Release|Any CPU.ActiveCfg = Release|Any CPU
		{022C1759-3EAF-42E1-BC1E-176E67BB6E0D}.Release|Any CPU.Build.0 = Release|Any CPU
		{022C1759-3EAF-42E1-BC1E-176E67BB6E0D}.Test|Any CPU.ActiveCfg = Debug|Any CPU
		{022C1759-3EAF-42E1-BC1E-176E67BB6E0D}.Test|Any CPU.Build.0 = Debug|Any CPU
		{8430C85A-537D-418E-9A64-97CC1C213469}.Debug|Any CPU.ActiveCfg = Debug|Any CPU
		{8430C85A-537D-418E-9A64-97CC1C213469}.Debug|Any CPU.Build.0 = Debug|Any CPU
		{8430C85A-537D-418E-9A64-97CC1C213469}.Release|Any CPU.ActiveCfg = Release|Any CPU
		{8430C85A-537D-418E-9A64-97CC1C213469}.Release|Any CPU.Build.0 = Release|Any CPU
		{8430C85A-537D-418E-9A64-97CC1C213469}.Test|Any CPU.ActiveCfg = Test|Any CPU
		{8430C85A-537D-418E-9A64-97CC1C213469}.Test|Any CPU.Build.0 = Test|Any CPU
		{0BFD47F6-C25C-4880-AB19-1158BAD3CBF8}.Debug|Any CPU.ActiveCfg = Debug|Any CPU
		{0BFD47F6-C25C-4880-AB19-1158BAD3CBF8}.Debug|Any CPU.Build.0 = Debug|Any CPU
		{0BFD47F6-C25C-4880-AB19-1158BAD3CBF8}.Release|Any CPU.ActiveCfg = Release|Any CPU
		{0BFD47F6-C25C-4880-AB19-1158BAD3CBF8}.Release|Any CPU.Build.0 = Release|Any CPU
		{0BFD47F6-C25C-4880-AB19-1158BAD3CBF8}.Test|Any CPU.ActiveCfg = Debug|Any CPU
		{0BFD47F6-C25C-4880-AB19-1158BAD3CBF8}.Test|Any CPU.Build.0 = Debug|Any CPU
		{69330C38-CCAF-46C3-A8A6-9F5E4EEF695E}.Debug|Any CPU.ActiveCfg = Debug|Any CPU
		{69330C38-CCAF-46C3-A8A6-9F5E4EEF695E}.Debug|Any CPU.Build.0 = Debug|Any CPU
		{69330C38-CCAF-46C3-A8A6-9F5E4EEF695E}.Release|Any CPU.ActiveCfg = Release|Any CPU
		{69330C38-CCAF-46C3-A8A6-9F5E4EEF695E}.Release|Any CPU.Build.0 = Release|Any CPU
		{69330C38-CCAF-46C3-A8A6-9F5E4EEF695E}.Test|Any CPU.ActiveCfg = Debug|Any CPU
		{69330C38-CCAF-46C3-A8A6-9F5E4EEF695E}.Test|Any CPU.Build.0 = Debug|Any CPU
		{5C40A0CF-849A-4EC9-B2C3-DA5D58E92D3B}.Debug|Any CPU.ActiveCfg = Debug|Any CPU
		{5C40A0CF-849A-4EC9-B2C3-DA5D58E92D3B}.Debug|Any CPU.Build.0 = Debug|Any CPU
		{5C40A0CF-849A-4EC9-B2C3-DA5D58E92D3B}.Release|Any CPU.ActiveCfg = Release|Any CPU
		{5C40A0CF-849A-4EC9-B2C3-DA5D58E92D3B}.Release|Any CPU.Build.0 = Release|Any CPU
		{5C40A0CF-849A-4EC9-B2C3-DA5D58E92D3B}.Test|Any CPU.ActiveCfg = Debug|Any CPU
		{5C40A0CF-849A-4EC9-B2C3-DA5D58E92D3B}.Test|Any CPU.Build.0 = Debug|Any CPU
		{66C96F3D-27BC-4A0F-AA02-A827B9E71A6A}.Debug|Any CPU.ActiveCfg = Debug|Any CPU
		{66C96F3D-27BC-4A0F-AA02-A827B9E71A6A}.Debug|Any CPU.Build.0 = Debug|Any CPU
		{66C96F3D-27BC-4A0F-AA02-A827B9E71A6A}.Release|Any CPU.ActiveCfg = Release|Any CPU
		{66C96F3D-27BC-4A0F-AA02-A827B9E71A6A}.Release|Any CPU.Build.0 = Release|Any CPU
		{66C96F3D-27BC-4A0F-AA02-A827B9E71A6A}.Test|Any CPU.ActiveCfg = Debug|Any CPU
		{66C96F3D-27BC-4A0F-AA02-A827B9E71A6A}.Test|Any CPU.Build.0 = Debug|Any CPU
		{49491945-02F2-4065-B7CE-5F090DED002A}.Debug|Any CPU.ActiveCfg = Debug|Any CPU
		{49491945-02F2-4065-B7CE-5F090DED002A}.Debug|Any CPU.Build.0 = Debug|Any CPU
		{49491945-02F2-4065-B7CE-5F090DED002A}.Release|Any CPU.ActiveCfg = Release|Any CPU
		{49491945-02F2-4065-B7CE-5F090DED002A}.Release|Any CPU.Build.0 = Release|Any CPU
		{49491945-02F2-4065-B7CE-5F090DED002A}.Test|Any CPU.ActiveCfg = Test|Any CPU
		{49491945-02F2-4065-B7CE-5F090DED002A}.Test|Any CPU.Build.0 = Test|Any CPU
		{36545821-71D7-4DD3-8879-97B29442F7D1}.Debug|Any CPU.ActiveCfg = Debug|Any CPU
		{36545821-71D7-4DD3-8879-97B29442F7D1}.Debug|Any CPU.Build.0 = Debug|Any CPU
		{36545821-71D7-4DD3-8879-97B29442F7D1}.Release|Any CPU.ActiveCfg = Release|Any CPU
		{36545821-71D7-4DD3-8879-97B29442F7D1}.Release|Any CPU.Build.0 = Release|Any CPU
		{36545821-71D7-4DD3-8879-97B29442F7D1}.Test|Any CPU.ActiveCfg = Test|Any CPU
		{36545821-71D7-4DD3-8879-97B29442F7D1}.Test|Any CPU.Build.0 = Test|Any CPU
		{5F858085-ADFF-4BFC-84B2-ED70FD76F2C9}.Debug|Any CPU.ActiveCfg = Debug|Any CPU
		{5F858085-ADFF-4BFC-84B2-ED70FD76F2C9}.Debug|Any CPU.Build.0 = Debug|Any CPU
		{5F858085-ADFF-4BFC-84B2-ED70FD76F2C9}.Release|Any CPU.ActiveCfg = Release|Any CPU
		{5F858085-ADFF-4BFC-84B2-ED70FD76F2C9}.Release|Any CPU.Build.0 = Release|Any CPU
		{5F858085-ADFF-4BFC-84B2-ED70FD76F2C9}.Test|Any CPU.ActiveCfg = Test|Any CPU
		{5F858085-ADFF-4BFC-84B2-ED70FD76F2C9}.Test|Any CPU.Build.0 = Test|Any CPU
	EndGlobalSection
	GlobalSection(SolutionProperties) = preSolution
		HideSolutionNode = FALSE
	EndGlobalSection
	GlobalSection(NestedProjects) = preSolution
		{85CAFCEC-43D8-4FC5-B0B9-1B241CCCD682} = {4139F4E8-D115-4CDA-AA29-4FAC66359B3A}
		{679FF96F-E74F-4873-99D1-052C2DEF5133} = {85CAFCEC-43D8-4FC5-B0B9-1B241CCCD682}
		{D3DC3EBE-39B7-46D7-9062-F06FF8A78A62} = {85CAFCEC-43D8-4FC5-B0B9-1B241CCCD682}
		{B9EFE0C0-F8BC-4FA8-B802-4AFCB592B952} = {4139F4E8-D115-4CDA-AA29-4FAC66359B3A}
		{45273A38-F52A-4D64-99A3-EE26B5CB35C6} = {B9EFE0C0-F8BC-4FA8-B802-4AFCB592B952}
		{E7F058C5-E830-41D0-8F2A-F29779FFDCB9} = {4139F4E8-D115-4CDA-AA29-4FAC66359B3A}
		{21DC6B49-CB1C-4AE1-9F5C-5FEB80AE9BAE} = {E7F058C5-E830-41D0-8F2A-F29779FFDCB9}
		{4139F4E8-D115-4CDA-AA29-4FAC66359B3A} = {E304A553-0F63-4126-BBB6-95F54B7CB4DA}
		{82CB1989-0436-4DE7-A7D5-492BDFEB3DAC} = {4139F4E8-D115-4CDA-AA29-4FAC66359B3A}
		{21A873E9-64C9-4199-A767-8117595E90F6} = {82CB1989-0436-4DE7-A7D5-492BDFEB3DAC}
		{65ED58B5-5E04-4F51-AF84-DF5DF42AC739} = {82CB1989-0436-4DE7-A7D5-492BDFEB3DAC}
		{8F0B2DDF-C6A5-4E1C-A459-D76662851E01} = {E304A553-0F63-4126-BBB6-95F54B7CB4DA}
		{00F02588-C4F3-43C5-A2B7-36C85CAC5997} = {8F0B2DDF-C6A5-4E1C-A459-D76662851E01}
		{73D9CDAE-925A-4019-B6FB-58FA2B2FC042} = {8F0B2DDF-C6A5-4E1C-A459-D76662851E01}
		{E6E7DC6C-5F44-4B75-AE66-75DF095F95D4} = {8F0B2DDF-C6A5-4E1C-A459-D76662851E01}
		{58AD5F79-C526-4DAE-BC7F-4A3936FE2DB3} = {8F0B2DDF-C6A5-4E1C-A459-D76662851E01}
		{BEA5CF7A-89A5-482A-9D72-3CCC3CCC5EBD} = {00F02588-C4F3-43C5-A2B7-36C85CAC5997}
		{3E993CFD-D27B-4B67-98DA-9FE7B66B09C6} = {00F02588-C4F3-43C5-A2B7-36C85CAC5997}
		{0880D322-88D5-4A39-A8E5-511C9891B09E} = {73D9CDAE-925A-4019-B6FB-58FA2B2FC042}
		{2EF36E0A-3CCE-48F5-AC22-C3F6CD8C767C} = {E6E7DC6C-5F44-4B75-AE66-75DF095F95D4}
		{C0DCBE1E-8FBC-4042-BB72-AD7FC987B6A7} = {58AD5F79-C526-4DAE-BC7F-4A3936FE2DB3}
		{D8A41342-6D00-44BE-9404-412400845212} = {58AD5F79-C526-4DAE-BC7F-4A3936FE2DB3}
		{CD440276-1E17-48D7-AD5B-0B2B705B7AE6} = {E304A553-0F63-4126-BBB6-95F54B7CB4DA}
		{B153FCCF-39C7-4CCF-A217-C63F20D1E6EC} = {CD440276-1E17-48D7-AD5B-0B2B705B7AE6}
		{BDB1309F-509F-48F8-961C-7175D9CD396D} = {CD440276-1E17-48D7-AD5B-0B2B705B7AE6}
		{3B2B9824-9B10-4AC7-AA5D-0825C3811A0C} = {CD440276-1E17-48D7-AD5B-0B2B705B7AE6}
		{DCAA87FB-673D-4B36-A986-6FD31D3CF90E} = {CD440276-1E17-48D7-AD5B-0B2B705B7AE6}
		{157CD002-276C-40DD-85FE-F66D4EA3288F} = {B153FCCF-39C7-4CCF-A217-C63F20D1E6EC}
		{D62332DE-A1F2-4405-9755-3B306DF22C19} = {B153FCCF-39C7-4CCF-A217-C63F20D1E6EC}
		{DCB331DE-EE11-44BA-82CD-8CEAD33B2157} = {BDB1309F-509F-48F8-961C-7175D9CD396D}
		{EF0FAF78-4279-4E66-A728-7889BA4C4EB3} = {3B2B9824-9B10-4AC7-AA5D-0825C3811A0C}
		{2DF20717-610C-4DA6-871C-F6150E346C4A} = {DCAA87FB-673D-4B36-A986-6FD31D3CF90E}
		{B8361EC5-BBD0-4911-8330-3FDE4BDB08C6} = {DCAA87FB-673D-4B36-A986-6FD31D3CF90E}
		{5ACB3224-858B-4C70-A3B6-18EC5C6F1D04} = {E304A553-0F63-4126-BBB6-95F54B7CB4DA}
		{55884848-DB2E-45A0-9A41-06136C694E77} = {E304A553-0F63-4126-BBB6-95F54B7CB4DA}
		{39DA77D3-A9EB-4FCD-B214-7DAA5B2C12D1} = {5ACB3224-858B-4C70-A3B6-18EC5C6F1D04}
		{E7892639-C7F0-4D0C-93F3-10D2CBF52022} = {55884848-DB2E-45A0-9A41-06136C694E77}
		{B10CA6F2-88B3-4BC7-A218-BA4815F79AB2} = {5ACB3224-858B-4C70-A3B6-18EC5C6F1D04}
		{8436DD65-7B7C-4C19-9B96-A0DF5B8CD26C} = {55884848-DB2E-45A0-9A41-06136C694E77}
		{24240DD7-530B-4921-AB46-5D3C434E70B6} = {5ACB3224-858B-4C70-A3B6-18EC5C6F1D04}
		{A6D51507-56FC-4FC9-9914-728913623518} = {55884848-DB2E-45A0-9A41-06136C694E77}
		{90B9577C-5CBA-4A8F-86DA-D41632FA0412} = {5ACB3224-858B-4C70-A3B6-18EC5C6F1D04}
		{38B02A50-CCF6-4E34-807A-D981796284F4} = {55884848-DB2E-45A0-9A41-06136C694E77}
		{6DDD2CE7-C80E-4BD3-B937-978A94AC665F} = {39DA77D3-A9EB-4FCD-B214-7DAA5B2C12D1}
		{91A5ECC5-F754-4B5D-A90B-2A439B1AB4E0} = {39DA77D3-A9EB-4FCD-B214-7DAA5B2C12D1}
		{105EF036-FBEB-4F51-BD25-69E0AE63B6C6} = {B10CA6F2-88B3-4BC7-A218-BA4815F79AB2}
		{022C1759-3EAF-42E1-BC1E-176E67BB6E0D} = {24240DD7-530B-4921-AB46-5D3C434E70B6}
		{8430C85A-537D-418E-9A64-97CC1C213469} = {90B9577C-5CBA-4A8F-86DA-D41632FA0412}
		{0BFD47F6-C25C-4880-AB19-1158BAD3CBF8} = {E7892639-C7F0-4D0C-93F3-10D2CBF52022}
		{69330C38-CCAF-46C3-A8A6-9F5E4EEF695E} = {E7892639-C7F0-4D0C-93F3-10D2CBF52022}
		{5C40A0CF-849A-4EC9-B2C3-DA5D58E92D3B} = {8436DD65-7B7C-4C19-9B96-A0DF5B8CD26C}
		{66C96F3D-27BC-4A0F-AA02-A827B9E71A6A} = {A6D51507-56FC-4FC9-9914-728913623518}
		{49491945-02F2-4065-B7CE-5F090DED002A} = {38B02A50-CCF6-4E34-807A-D981796284F4}
		{36545821-71D7-4DD3-8879-97B29442F7D1} = {38B02A50-CCF6-4E34-807A-D981796284F4}
		{5F858085-ADFF-4BFC-84B2-ED70FD76F2C9} = {90B9577C-5CBA-4A8F-86DA-D41632FA0412}
	EndGlobalSection
	GlobalSection(ExtensibilityGlobals) = postSolution
		SolutionGuid = {43D3E676-3E2C-4390-81C1-D33BA864BE20}
	EndGlobalSection
EndGlobal
